
Microsoft Visual Studio Solution File, Format Version 12.00
# Visual Studio Version 17
VisualStudioVersion = 17.13.35806.99 d17.13
MinimumVisualStudioVersion = 10.0.40219.1
Project("{FAE04EC0-301F-11D3-BF4B-00C04F79EFBC}") = "Rhythm_Of_Time", "Rhythm_Of_Time\Rhythm_Of_Time.csproj", "{DE3EDE5F-BDB7-44FE-A916-A1EAFAF4592F}"
EndProject
Global
	GlobalSection(SolutionConfigurationPlatforms) = preSolution
		Debug|Any CPU = Debug|Any CPU
		Release|Any CPU = Release|Any CPU
	EndGlobalSection
	GlobalSection(ProjectConfigurationPlatforms) = postSolution
		{DE3EDE5F-BDB7-44FE-A916-A1EAFAF4592F}.Debug|Any CPU.ActiveCfg = Debug|Any CPU
		{DE3EDE5F-BDB7-44FE-A916-A1EAFAF4592F}.Debug|Any CPU.Build.0 = Debug|Any CPU
		{DE3EDE5F-BDB7-44FE-A916-A1EAFAF4592F}.Release|Any CPU.ActiveCfg = Release|Any CPU
		{DE3EDE5F-BDB7-44FE-A916-A1EAFAF4592F}.Release|Any CPU.Build.0 = Release|Any CPU
	EndGlobalSection
	GlobalSection(SolutionProperties) = preSolution
		HideSolutionNode = FALSE
	EndGlobalSection
	GlobalSection(ExtensibilityGlobals) = postSolution
		SolutionGuid = {3057D739-27F0-410D-8E73-CF67D3E51186}
	EndGlobalSection
EndGlobal
